
Microsoft Visual Studio Solution File, Format Version 12.00
# Visual Studio 14
VisualStudioVersion = 14.0.25420.1
MinimumVisualStudioVersion = 10.0.40219.1
Project("{535C04D7-A2A5-47C7-83E0-B340A995CD1F}") = "schultzder_sandovala_Project1", "schultzder_sandovala_Project1.cblproj", "{16912815-5F17-43DF-AE16-0EF5B1D62690}"
EndProject
Global
	GlobalSection(SolutionConfigurationPlatforms) = preSolution
		Debug|Any CPU = Debug|Any CPU
		Release|Any CPU = Release|Any CPU
	EndGlobalSection
	GlobalSection(ProjectConfigurationPlatforms) = postSolution
		{16912815-5F17-43DF-AE16-0EF5B1D62690}.Debug|Any CPU.ActiveCfg = Debug|Any CPU
		{16912815-5F17-43DF-AE16-0EF5B1D62690}.Debug|Any CPU.Build.0 = Debug|Any CPU
		{16912815-5F17-43DF-AE16-0EF5B1D62690}.Release|Any CPU.ActiveCfg = Release|Any CPU
		{16912815-5F17-43DF-AE16-0EF5B1D62690}.Release|Any CPU.Build.0 = Release|Any CPU
	EndGlobalSection
	GlobalSection(SolutionProperties) = preSolution
		HideSolutionNode = FALSE
	EndGlobalSection
EndGlobal
